
Microsoft Visual Studio Solution File, Format Version 12.00
# Visual Studio 2013
VisualStudioVersion = 12.0.31101.0
MinimumVisualStudioVersion = 10.0.40219.1
Project("{FAE04EC0-301F-11D3-BF4B-00C04F79EFBC}") = "SomeWebApp", "SomeWebApp\SomeWebApp.csproj", "{1EA5E8B5-A75F-4AFA-87BF-775F19102909}"
EndProject
Project("{FAE04EC0-301F-11D3-BF4B-00C04F79EFBC}") = "SomeWebApp.Tests", "SomeWebApp.Tests\SomeWebApp.Tests.csproj", "{B6FE4A7F-3BAD-4F88-8D6B-659C25358010}"
EndProject
Global
	GlobalSection(SolutionConfigurationPlatforms) = preSolution
		Debug|Any CPU = Debug|Any CPU
		Release|Any CPU = Release|Any CPU
	EndGlobalSection
	GlobalSection(ProjectConfigurationPlatforms) = postSolution
		{1EA5E8B5-A75F-4AFA-87BF-775F19102909}.Debug|Any CPU.ActiveCfg = Debug|Any CPU
		{1EA5E8B5-A75F-4AFA-87BF-775F19102909}.Debug|Any CPU.Build.0 = Debug|Any CPU
		{1EA5E8B5-A75F-4AFA-87BF-775F19102909}.Release|Any CPU.ActiveCfg = Release|Any CPU
		{1EA5E8B5-A75F-4AFA-87BF-775F19102909}.Release|Any CPU.Build.0 = Release|Any CPU
		{B6FE4A7F-3BAD-4F88-8D6B-659C25358010}.Debug|Any CPU.ActiveCfg = Debug|Any CPU
		{B6FE4A7F-3BAD-4F88-8D6B-659C25358010}.Debug|Any CPU.Build.0 = Debug|Any CPU
		{B6FE4A7F-3BAD-4F88-8D6B-659C25358010}.Release|Any CPU.ActiveCfg = Release|Any CPU
		{B6FE4A7F-3BAD-4F88-8D6B-659C25358010}.Release|Any CPU.Build.0 = Release|Any CPU
	EndGlobalSection
	GlobalSection(SolutionProperties) = preSolution
		HideSolutionNode = FALSE
	EndGlobalSection
EndGlobal
